<Solution>
  <Folder Name="/Solution Items/">
    <File Path="../CLAUDE.md" />
    <File Path="../CONTEXT.md" />
    <File Path="../README.md" />
  </Folder>
  <Project Path="Edict.Core/Edict.Core.csproj" />
  <Project Path="Edict.Abstractions/Edict.Abstractions.csproj" />
  <Project Path="Edict.Abstractions.Tests/Edict.Abstractions.Tests.csproj" />
</Solution>
