<Solution>
  <Folder Name="/Solution Items/">
    <File Path="../CLAUDE.md" />
    <File Path="../CONTEXT.md" />
    <File Path="../README.md" />
  </Folder>
  <Folder Name="/Edict/">
    <Project Path="Edict.Contracts/Edict.Contracts.csproj" />
    <Project Path="Edict.Telemetry/Edict.Telemetry.csproj" />
    <Project Path="Edict.Core/Edict.Core.csproj" />
    <Project Path="Edict.Testing/Edict.Testing.csproj" />
    <Project Path="Edict.Azure/Edict.Azure.csproj" />
    <Project Path="Edict.Generators/Edict.Generators.csproj" />
    <Project Path="Edict.Analyzers/Edict.Analyzers.csproj" />
    <Project Path="Edict.Architecture.Tests/Edict.Architecture.Tests.csproj" />
    <Project Path="Edict.Core.Tests/Edict.Core.Tests.csproj" />
    <Project Path="Edict.Telemetry.Tests/Edict.Telemetry.Tests.csproj" />
    <Project Path="Edict.Azure.Tests/Edict.Azure.Tests.csproj" />
    <Project Path="Edict.Generators.Tests/Edict.Generators.Tests.csproj" />
    <Project Path="Edict.Analyzers.Tests/Edict.Analyzers.Tests.csproj" />
    <Project Path="Edict.Testing.Tests/Edict.Testing.Tests.csproj" />
  </Folder>
  <Folder Name="/Benchmarks/">
    <Project Path="Edict.Benchmarks/Edict.Benchmarks.csproj" />
    <Project Path="Edict.Benchmarks.Throughput/Edict.Benchmarks.Throughput.csproj" />
    <Project Path="Edict.Benchmarks.Throughput.Tests/Edict.Benchmarks.Throughput.Tests.csproj" />
  </Folder>
  <Folder Name="/Sample/">
    <Project Path="../Sample/Sample.Contracts/Sample.Contracts.csproj" />
    <Project Path="../Sample/Sample.ServiceDefaults/Sample.ServiceDefaults.csproj" />
    <Project Path="../Sample/Sample.Silo/Sample.Silo.csproj" />
    <Project Path="../Sample/Sample.Web/Sample.Web.csproj" />
    <Project Path="../Sample/Sample.Silo.Tests/Sample.Silo.Tests.csproj" />
    <Project Path="../Sample/Sample.AppHost/Sample.AppHost.csproj" />
  </Folder>
</Solution>
