<Solution>
  <Folder Name="/Solution Items/">
    <File Path="../CLAUDE.md" />
    <File Path="../CONTEXT.md" />
    <File Path="../README.md" />
  </Folder>
  <Folder Name="/Edict/">
    <Project Path="Edict.Contracts/Edict.Contracts.csproj" />
    <Project Path="Edict.Telemetry/Edict.Telemetry.csproj" />
    <Project Path="Edict.Core/Edict.Core.csproj" />
    <Project Path="Edict.Testing/Edict.Testing.csproj" />
    <Project Path="Edict.Azure.Streaming/Edict.Azure.Streaming.csproj" />
    <Project Path="Edict.Azure.Persistence/Edict.Azure.Persistence.csproj" />
    <Project Path="Edict.Postgres/Edict.Postgres.csproj" />
    <Project Path="Edict.Kafka/Edict.Kafka.csproj" />
    <Project Path="Edict.Generators/Edict.Generators.csproj" />
    <Project Path="Edict.Analyzers/Edict.Analyzers.csproj" />
    <Project Path="Edict.Architecture.Tests/Edict.Architecture.Tests.csproj" />
    <Project Path="Edict.Core.Tests/Edict.Core.Tests.csproj" />
    <Project Path="Edict.Telemetry.Tests/Edict.Telemetry.Tests.csproj" />
    <Project Path="Edict.Azure.Tests/Edict.Azure.Tests.csproj" />
    <Project Path="Edict.Postgres.Tests/Edict.Postgres.Tests.csproj" />
    <Project Path="Edict.Kafka.Tests/Edict.Kafka.Tests.csproj" />
    <Project Path="Edict.Tests.Conformance/Edict.Tests.Conformance.csproj" />
    <Project Path="Edict.Generators.Tests/Edict.Generators.Tests.csproj" />
    <Project Path="Edict.Analyzers.Tests/Edict.Analyzers.Tests.csproj" />
    <Project Path="Edict.Testing.Tests/Edict.Testing.Tests.csproj" />
  </Folder>
  <Folder Name="/Benchmarks/">
    <Project Path="Edict.Benchmarks/Edict.Benchmarks.csproj" />
    <Project Path="Edict.Benchmarks.Throughput/Edict.Benchmarks.Throughput.csproj" />
    <Project Path="Edict.Benchmarks.Throughput.Tests/Edict.Benchmarks.Throughput.Tests.csproj" />
    <Project Path="Edict.Substrate/Edict.Substrate.csproj" />
    <Project Path="Edict.Substrate.Azurite/Edict.Substrate.Azurite.csproj" />
    <Project Path="Edict.Substrate.KafkaPostgres/Edict.Substrate.KafkaPostgres.csproj" />
  </Folder>
  <Folder Name="/Sample/">
    <Project Path="../Sample/Sample.Contracts/Sample.Contracts.csproj" />
    <Project Path="../Sample/Sample.ServiceDefaults/Sample.ServiceDefaults.csproj" />
    <Project Path="../Sample/Sample.Domain/Sample.Domain.csproj" />
    <Project Path="../Sample/Sample.Web.Components/Sample.Web.Components.csproj" />
    <Project Path="../Sample/Sample.Azure.Silo/Sample.Azure.Silo.csproj" />
    <Project Path="../Sample/Sample.Azure.Web/Sample.Azure.Web.csproj" />
    <Project Path="../Sample/Sample.Azure.Silo.Tests/Sample.Azure.Silo.Tests.csproj" />
    <Project Path="../Sample/Sample.Azure.AppHost/Sample.Azure.AppHost.csproj" />
    <Project Path="../Sample/Sample.KafkaPostgres.Silo/Sample.KafkaPostgres.Silo.csproj" />
    <Project Path="../Sample/Sample.KafkaPostgres.Web/Sample.KafkaPostgres.Web.csproj" />
    <Project Path="../Sample/Sample.KafkaPostgres.AppHost/Sample.KafkaPostgres.AppHost.csproj" />
  </Folder>
</Solution>
